{
  "name": "test_doc_liekodb",
  "version": "1.0.0",
  "lockfileVersion": 3,
  "requires": true,
  "packages": {
    "": {
      "name": "test_doc_liekodb",
      "version": "1.0.0",
      "license": "ISC",
      "dependencies": {
        "liekodb": "^0.1.5"
      }
    },
    "node_modules/liekodb": {
      "version": "0.1.5",
      "resolved": "https://registry.npmjs.org/liekodb/-/liekodb-0.1.5.tgz",
      "integrity": "sha512-pGbwsU85thb43dUEy0vBQz5yILYIltuHZoOCRXm/vZoPnk1MEj78A+aMHPW7kDf6ZrLc0msm0CodYIEKNMxDrw==",
      "license": "MIT",
      "engines": {
        "node": ">=14.0.0"
      }
    }
  }
}
